
Microsoft Visual Studio Solution File, Format Version 12.00
# Visual Studio Version 16
VisualStudioVersion = 16.0.29306.81
MinimumVisualStudioVersion = 10.0.40219.1
Project("{FAE04EC0-301F-11D3-BF4B-00C04F79EFBC}") = "MyAPI", "MyAPI\MyAPI.csproj", "{19287635-D6B7-4903-99E4-EDCE9B5DB856}"
EndProject
Global
	GlobalSection(SolutionConfigurationPlatforms) = preSolution
		Debug|Any CPU = Debug|Any CPU
		Release|Any CPU = Release|Any CPU
	EndGlobalSection
	GlobalSection(ProjectConfigurationPlatforms) = postSolution
		{19287635-D6B7-4903-99E4-EDCE9B5DB856}.Debug|Any CPU.ActiveCfg = Debug|Any CPU
		{19287635-D6B7-4903-99E4-EDCE9B5DB856}.Debug|Any CPU.Build.0 = Debug|Any CPU
		{19287635-D6B7-4903-99E4-EDCE9B5DB856}.Release|Any CPU.ActiveCfg = Release|Any CPU
		{19287635-D6B7-4903-99E4-EDCE9B5DB856}.Release|Any CPU.Build.0 = Release|Any CPU
	EndGlobalSection
	GlobalSection(SolutionProperties) = preSolution
		HideSolutionNode = FALSE
	EndGlobalSection
	GlobalSection(ExtensibilityGlobals) = postSolution
		SolutionGuid = {67A226D9-FBDE-4E47-9622-662B36ED0835}
	EndGlobalSection
EndGlobal
